
Microsoft Visual Studio Solution File, Format Version 12.00
# Visual Studio Version 17
VisualStudioVersion = 17.8.34330.188
MinimumVisualStudioVersion = 10.0.40219.1
Project("{FAE04EC0-301F-11D3-BF4B-00C04F79EFBC}") = "YMYP-ASSESSMENT_1", "YMYP-ASSESSMENT_1\YMYP-ASSESSMENT_1.csproj", "{C7768F4C-260F-491B-A804-B9B081BBB31B}"
EndProject
Global
	GlobalSection(SolutionConfigurationPlatforms) = preSolution
		Debug|Any CPU = Debug|Any CPU
		Release|Any CPU = Release|Any CPU
	EndGlobalSection
	GlobalSection(ProjectConfigurationPlatforms) = postSolution
		{C7768F4C-260F-491B-A804-B9B081BBB31B}.Debug|Any CPU.ActiveCfg = Debug|Any CPU
		{C7768F4C-260F-491B-A804-B9B081BBB31B}.Debug|Any CPU.Build.0 = Debug|Any CPU
		{C7768F4C-260F-491B-A804-B9B081BBB31B}.Release|Any CPU.ActiveCfg = Release|Any CPU
		{C7768F4C-260F-491B-A804-B9B081BBB31B}.Release|Any CPU.Build.0 = Release|Any CPU
	EndGlobalSection
	GlobalSection(SolutionProperties) = preSolution
		HideSolutionNode = FALSE
	EndGlobalSection
	GlobalSection(ExtensibilityGlobals) = postSolution
		SolutionGuid = {2C15D810-5F9F-416F-9987-230FB0256CAE}
	EndGlobalSection
EndGlobal
